
Microsoft Visual Studio Solution File, Format Version 12.00
# Visual Studio Version 16
VisualStudioVersion = 16.0.31313.381
MinimumVisualStudioVersion = 10.0.40219.1
Project("{8BC9CEB8-8B4A-11D0-8D11-00A0C91BC942}") = "hello-module", "hello-module\hello-module.vcxproj", "{F5B9B1A3-A831-44D5-852D-3B46EC6D0015}"
EndProject
Project("{8BC9CEB8-8B4A-11D0-8D11-00A0C91BC942}") = "hello-partition", "hello-partition\hello-partition.vcxproj", "{C93D524B-D787-43DB-A446-578BEB722CEC}"
EndProject
Project("{8BC9CEB8-8B4A-11D0-8D11-00A0C91BC942}") = "hello-header-import", "hello-header-import\hello-header-import.vcxproj", "{BE6D8696-8A36-4CE6-9451-34850558192E}"
EndProject
Project("{2150E333-8FDC-42A3-9474-1A3956D46DE8}") = "hello-library-header", "hello-library-header", "{CE1B8A9E-B640-4F75-A8EC-2624A59C8BF1}"
EndProject
Project("{8BC9CEB8-8B4A-11D0-8D11-00A0C91BC942}") = "libhello-format-header", "libhello-format-header\libhello-format-header.vcxproj", "{CBB7CABD-96F2-4A90-9E38-8EC0D9DB7329}"
EndProject
Project("{8BC9CEB8-8B4A-11D0-8D11-00A0C91BC942}") = "test-libhello-format-header", "test-libhello-format-header\test-libhello-format-header.vcxproj", "{B243F5ED-0D24-4994-9566-68A8FFB20D6B}"
	ProjectSection(ProjectDependencies) = postProject
		{CBB7CABD-96F2-4A90-9E38-8EC0D9DB7329} = {CBB7CABD-96F2-4A90-9E38-8EC0D9DB7329}
	EndProjectSection
EndProject
Project("{8BC9CEB8-8B4A-11D0-8D11-00A0C91BC942}") = "libhello-header-shared", "libhello-header\libhello-header-shared.vcxproj", "{56E2DF76-81D0-4C4D-AB6A-553F547A99D8}"
EndProject
Project("{8BC9CEB8-8B4A-11D0-8D11-00A0C91BC942}") = "libhello-header-static", "libhello-header\libhello-header-static.vcxproj", "{75E21B3A-C0AE-40FA-BBDB-C44D4E24D709}"
EndProject
Project("{2150E333-8FDC-42A3-9474-1A3956D46DE8}") = "libhello-format-header", "libhello-format-header", "{3D9F4DAB-17A8-413B-B204-1972DBD0C6CA}"
EndProject
Project("{2150E333-8FDC-42A3-9474-1A3956D46DE8}") = "libhello-header", "libhello-header", "{FB278B19-29A3-41A3-895C-DE8048104F15}"
EndProject
Project("{8BC9CEB8-8B4A-11D0-8D11-00A0C91BC942}") = "test-libhello-header-static", "test-libhello-header-static\test-libhello-header-static.vcxproj", "{C9513794-DE0B-4B9E-8C0A-44EA22EACC73}"
	ProjectSection(ProjectDependencies) = postProject
		{CBB7CABD-96F2-4A90-9E38-8EC0D9DB7329} = {CBB7CABD-96F2-4A90-9E38-8EC0D9DB7329}
	EndProjectSection
EndProject
Project("{8BC9CEB8-8B4A-11D0-8D11-00A0C91BC942}") = "test-libhello-header-shared", "test-libhello-header-shared\test-libhello-header-shared.vcxproj", "{8498E432-8622-411C-B4CA-2B61D65358B9}"
	ProjectSection(ProjectDependencies) = postProject
		{CBB7CABD-96F2-4A90-9E38-8EC0D9DB7329} = {CBB7CABD-96F2-4A90-9E38-8EC0D9DB7329}
	EndProjectSection
EndProject
Project("{8BC9CEB8-8B4A-11D0-8D11-00A0C91BC942}") = "hello-library-header-import", "hello-library-header-import\hello-library-header-import.vcxproj", "{4E9996DB-B9DA-4E6D-8B92-5E60A5B75188}"
EndProject
Project("{8BC9CEB8-8B4A-11D0-8D11-00A0C91BC942}") = "hello-library-header-translate", "hello-library-header-translate\hello-library-header-translate.vcxproj", "{51A9CAE8-13B2-41DB-920C-6FEF24F4FF41}"
EndProject
Project("{2150E333-8FDC-42A3-9474-1A3956D46DE8}") = "hello-library-module", "hello-library-module", "{8F67190C-45AA-4229-A15E-4ED79DE15645}"
EndProject
Project("{8BC9CEB8-8B4A-11D0-8D11-00A0C91BC942}") = "libhello-format-module", "libhello-format-module\libhello-format-module.vcxproj", "{AB4B4B00-BB52-40D7-9FE5-4345CF81F467}"
EndProject
Project("{8BC9CEB8-8B4A-11D0-8D11-00A0C91BC942}") = "test-libhello-format-module", "test-libhello-format-module\test-libhello-format-module.vcxproj", "{5C2D148F-EEAB-401B-B95B-36C662A3985C}"
EndProject
Project("{8BC9CEB8-8B4A-11D0-8D11-00A0C91BC942}") = "libhello-module", "libhello-module\libhello-module.vcxproj", "{2EFF48A2-B33C-4AB6-B5CF-662771855A25}"
EndProject
Project("{8BC9CEB8-8B4A-11D0-8D11-00A0C91BC942}") = "test-libhello-module", "test-libhello-module\test-libhello-module.vcxproj", "{69F6C5AC-C447-4568-80BD-3AA4479EAC68}"
EndProject
Global
	GlobalSection(SolutionConfigurationPlatforms) = preSolution
		Debug|x64 = Debug|x64
		Debug|x86 = Debug|x86
		Release|x64 = Release|x64
		Release|x86 = Release|x86
	EndGlobalSection
	GlobalSection(ProjectConfigurationPlatforms) = postSolution
		{F5B9B1A3-A831-44D5-852D-3B46EC6D0015}.Debug|x64.ActiveCfg = Debug|x64
		{F5B9B1A3-A831-44D5-852D-3B46EC6D0015}.Debug|x64.Build.0 = Debug|x64
		{F5B9B1A3-A831-44D5-852D-3B46EC6D0015}.Debug|x86.ActiveCfg = Debug|Win32
		{F5B9B1A3-A831-44D5-852D-3B46EC6D0015}.Debug|x86.Build.0 = Debug|Win32
		{F5B9B1A3-A831-44D5-852D-3B46EC6D0015}.Release|x64.ActiveCfg = Release|x64
		{F5B9B1A3-A831-44D5-852D-3B46EC6D0015}.Release|x64.Build.0 = Release|x64
		{F5B9B1A3-A831-44D5-852D-3B46EC6D0015}.Release|x86.ActiveCfg = Release|Win32
		{F5B9B1A3-A831-44D5-852D-3B46EC6D0015}.Release|x86.Build.0 = Release|Win32
		{C93D524B-D787-43DB-A446-578BEB722CEC}.Debug|x64.ActiveCfg = Debug|x64
		{C93D524B-D787-43DB-A446-578BEB722CEC}.Debug|x64.Build.0 = Debug|x64
		{C93D524B-D787-43DB-A446-578BEB722CEC}.Debug|x86.ActiveCfg = Debug|Win32
		{C93D524B-D787-43DB-A446-578BEB722CEC}.Debug|x86.Build.0 = Debug|Win32
		{C93D524B-D787-43DB-A446-578BEB722CEC}.Release|x64.ActiveCfg = Release|x64
		{C93D524B-D787-43DB-A446-578BEB722CEC}.Release|x64.Build.0 = Release|x64
		{C93D524B-D787-43DB-A446-578BEB722CEC}.Release|x86.ActiveCfg = Release|Win32
		{C93D524B-D787-43DB-A446-578BEB722CEC}.Release|x86.Build.0 = Release|Win32
		{BE6D8696-8A36-4CE6-9451-34850558192E}.Debug|x64.ActiveCfg = Debug|x64
		{BE6D8696-8A36-4CE6-9451-34850558192E}.Debug|x64.Build.0 = Debug|x64
		{BE6D8696-8A36-4CE6-9451-34850558192E}.Debug|x86.ActiveCfg = Debug|Win32
		{BE6D8696-8A36-4CE6-9451-34850558192E}.Debug|x86.Build.0 = Debug|Win32
		{BE6D8696-8A36-4CE6-9451-34850558192E}.Release|x64.ActiveCfg = Release|x64
		{BE6D8696-8A36-4CE6-9451-34850558192E}.Release|x64.Build.0 = Release|x64
		{BE6D8696-8A36-4CE6-9451-34850558192E}.Release|x86.ActiveCfg = Release|Win32
		{BE6D8696-8A36-4CE6-9451-34850558192E}.Release|x86.Build.0 = Release|Win32
		{CBB7CABD-96F2-4A90-9E38-8EC0D9DB7329}.Debug|x64.ActiveCfg = Debug|x64
		{CBB7CABD-96F2-4A90-9E38-8EC0D9DB7329}.Debug|x64.Build.0 = Debug|x64
		{CBB7CABD-96F2-4A90-9E38-8EC0D9DB7329}.Debug|x86.ActiveCfg = Debug|Win32
		{CBB7CABD-96F2-4A90-9E38-8EC0D9DB7329}.Debug|x86.Build.0 = Debug|Win32
		{CBB7CABD-96F2-4A90-9E38-8EC0D9DB7329}.Release|x64.ActiveCfg = Release|x64
		{CBB7CABD-96F2-4A90-9E38-8EC0D9DB7329}.Release|x64.Build.0 = Release|x64
		{CBB7CABD-96F2-4A90-9E38-8EC0D9DB7329}.Release|x86.ActiveCfg = Release|Win32
		{CBB7CABD-96F2-4A90-9E38-8EC0D9DB7329}.Release|x86.Build.0 = Release|Win32
		{B243F5ED-0D24-4994-9566-68A8FFB20D6B}.Debug|x64.ActiveCfg = Debug|x64
		{B243F5ED-0D24-4994-9566-68A8FFB20D6B}.Debug|x64.Build.0 = Debug|x64
		{B243F5ED-0D24-4994-9566-68A8FFB20D6B}.Debug|x86.ActiveCfg = Debug|Win32
		{B243F5ED-0D24-4994-9566-68A8FFB20D6B}.Debug|x86.Build.0 = Debug|Win32
		{B243F5ED-0D24-4994-9566-68A8FFB20D6B}.Release|x64.ActiveCfg = Release|x64
		{B243F5ED-0D24-4994-9566-68A8FFB20D6B}.Release|x64.Build.0 = Release|x64
		{B243F5ED-0D24-4994-9566-68A8FFB20D6B}.Release|x86.ActiveCfg = Release|Win32
		{B243F5ED-0D24-4994-9566-68A8FFB20D6B}.Release|x86.Build.0 = Release|Win32
		{56E2DF76-81D0-4C4D-AB6A-553F547A99D8}.Debug|x64.ActiveCfg = Debug|x64
		{56E2DF76-81D0-4C4D-AB6A-553F547A99D8}.Debug|x64.Build.0 = Debug|x64
		{56E2DF76-81D0-4C4D-AB6A-553F547A99D8}.Debug|x86.ActiveCfg = Debug|Win32
		{56E2DF76-81D0-4C4D-AB6A-553F547A99D8}.Debug|x86.Build.0 = Debug|Win32
		{56E2DF76-81D0-4C4D-AB6A-553F547A99D8}.Release|x64.ActiveCfg = Release|x64
		{56E2DF76-81D0-4C4D-AB6A-553F547A99D8}.Release|x64.Build.0 = Release|x64
		{56E2DF76-81D0-4C4D-AB6A-553F547A99D8}.Release|x86.ActiveCfg = Release|Win32
		{56E2DF76-81D0-4C4D-AB6A-553F547A99D8}.Release|x86.Build.0 = Release|Win32
		{75E21B3A-C0AE-40FA-BBDB-C44D4E24D709}.Debug|x64.ActiveCfg = Debug|x64
		{75E21B3A-C0AE-40FA-BBDB-C44D4E24D709}.Debug|x64.Build.0 = Debug|x64
		{75E21B3A-C0AE-40FA-BBDB-C44D4E24D709}.Debug|x86.ActiveCfg = Debug|Win32
		{75E21B3A-C0AE-40FA-BBDB-C44D4E24D709}.Debug|x86.Build.0 = Debug|Win32
		{75E21B3A-C0AE-40FA-BBDB-C44D4E24D709}.Release|x64.ActiveCfg = Release|x64
		{75E21B3A-C0AE-40FA-BBDB-C44D4E24D709}.Release|x64.Build.0 = Release|x64
		{75E21B3A-C0AE-40FA-BBDB-C44D4E24D709}.Release|x86.ActiveCfg = Release|Win32
		{75E21B3A-C0AE-40FA-BBDB-C44D4E24D709}.Release|x86.Build.0 = Release|Win32
		{C9513794-DE0B-4B9E-8C0A-44EA22EACC73}.Debug|x64.ActiveCfg = Debug|x64
		{C9513794-DE0B-4B9E-8C0A-44EA22EACC73}.Debug|x64.Build.0 = Debug|x64
		{C9513794-DE0B-4B9E-8C0A-44EA22EACC73}.Debug|x86.ActiveCfg = Debug|Win32
		{C9513794-DE0B-4B9E-8C0A-44EA22EACC73}.Debug|x86.Build.0 = Debug|Win32
		{C9513794-DE0B-4B9E-8C0A-44EA22EACC73}.Release|x64.ActiveCfg = Release|x64
		{C9513794-DE0B-4B9E-8C0A-44EA22EACC73}.Release|x64.Build.0 = Release|x64
		{C9513794-DE0B-4B9E-8C0A-44EA22EACC73}.Release|x86.ActiveCfg = Release|Win32
		{C9513794-DE0B-4B9E-8C0A-44EA22EACC73}.Release|x86.Build.0 = Release|Win32
		{8498E432-8622-411C-B4CA-2B61D65358B9}.Debug|x64.ActiveCfg = Debug|x64
		{8498E432-8622-411C-B4CA-2B61D65358B9}.Debug|x64.Build.0 = Debug|x64
		{8498E432-8622-411C-B4CA-2B61D65358B9}.Debug|x86.ActiveCfg = Debug|Win32
		{8498E432-8622-411C-B4CA-2B61D65358B9}.Debug|x86.Build.0 = Debug|Win32
		{8498E432-8622-411C-B4CA-2B61D65358B9}.Release|x64.ActiveCfg = Release|x64
		{8498E432-8622-411C-B4CA-2B61D65358B9}.Release|x64.Build.0 = Release|x64
		{8498E432-8622-411C-B4CA-2B61D65358B9}.Release|x86.ActiveCfg = Release|Win32
		{8498E432-8622-411C-B4CA-2B61D65358B9}.Release|x86.Build.0 = Release|Win32
		{4E9996DB-B9DA-4E6D-8B92-5E60A5B75188}.Debug|x64.ActiveCfg = Debug|x64
		{4E9996DB-B9DA-4E6D-8B92-5E60A5B75188}.Debug|x64.Build.0 = Debug|x64
		{4E9996DB-B9DA-4E6D-8B92-5E60A5B75188}.Debug|x86.ActiveCfg = Debug|Win32
		{4E9996DB-B9DA-4E6D-8B92-5E60A5B75188}.Debug|x86.Build.0 = Debug|Win32
		{4E9996DB-B9DA-4E6D-8B92-5E60A5B75188}.Release|x64.ActiveCfg = Release|x64
		{4E9996DB-B9DA-4E6D-8B92-5E60A5B75188}.Release|x64.Build.0 = Release|x64
		{4E9996DB-B9DA-4E6D-8B92-5E60A5B75188}.Release|x86.ActiveCfg = Release|Win32
		{4E9996DB-B9DA-4E6D-8B92-5E60A5B75188}.Release|x86.Build.0 = Release|Win32
		{51A9CAE8-13B2-41DB-920C-6FEF24F4FF41}.Debug|x64.ActiveCfg = Debug|x64
		{51A9CAE8-13B2-41DB-920C-6FEF24F4FF41}.Debug|x64.Build.0 = Debug|x64
		{51A9CAE8-13B2-41DB-920C-6FEF24F4FF41}.Debug|x86.ActiveCfg = Debug|Win32
		{51A9CAE8-13B2-41DB-920C-6FEF24F4FF41}.Debug|x86.Build.0 = Debug|Win32
		{51A9CAE8-13B2-41DB-920C-6FEF24F4FF41}.Release|x64.ActiveCfg = Release|x64
		{51A9CAE8-13B2-41DB-920C-6FEF24F4FF41}.Release|x64.Build.0 = Release|x64
		{51A9CAE8-13B2-41DB-920C-6FEF24F4FF41}.Release|x86.ActiveCfg = Release|Win32
		{51A9CAE8-13B2-41DB-920C-6FEF24F4FF41}.Release|x86.Build.0 = Release|Win32
		{AB4B4B00-BB52-40D7-9FE5-4345CF81F467}.Debug|x64.ActiveCfg = Debug|x64
		{AB4B4B00-BB52-40D7-9FE5-4345CF81F467}.Debug|x64.Build.0 = Debug|x64
		{AB4B4B00-BB52-40D7-9FE5-4345CF81F467}.Debug|x86.ActiveCfg = Debug|Win32
		{AB4B4B00-BB52-40D7-9FE5-4345CF81F467}.Debug|x86.Build.0 = Debug|Win32
		{AB4B4B00-BB52-40D7-9FE5-4345CF81F467}.Release|x64.ActiveCfg = Release|x64
		{AB4B4B00-BB52-40D7-9FE5-4345CF81F467}.Release|x64.Build.0 = Release|x64
		{AB4B4B00-BB52-40D7-9FE5-4345CF81F467}.Release|x86.ActiveCfg = Release|Win32
		{AB4B4B00-BB52-40D7-9FE5-4345CF81F467}.Release|x86.Build.0 = Release|Win32
		{5C2D148F-EEAB-401B-B95B-36C662A3985C}.Debug|x64.ActiveCfg = Debug|x64
		{5C2D148F-EEAB-401B-B95B-36C662A3985C}.Debug|x64.Build.0 = Debug|x64
		{5C2D148F-EEAB-401B-B95B-36C662A3985C}.Debug|x86.ActiveCfg = Debug|Win32
		{5C2D148F-EEAB-401B-B95B-36C662A3985C}.Debug|x86.Build.0 = Debug|Win32
		{5C2D148F-EEAB-401B-B95B-36C662A3985C}.Release|x64.ActiveCfg = Release|x64
		{5C2D148F-EEAB-401B-B95B-36C662A3985C}.Release|x64.Build.0 = Release|x64
		{5C2D148F-EEAB-401B-B95B-36C662A3985C}.Release|x86.ActiveCfg = Release|Win32
		{5C2D148F-EEAB-401B-B95B-36C662A3985C}.Release|x86.Build.0 = Release|Win32
		{2EFF48A2-B33C-4AB6-B5CF-662771855A25}.Debug|x64.ActiveCfg = Debug|x64
		{2EFF48A2-B33C-4AB6-B5CF-662771855A25}.Debug|x64.Build.0 = Debug|x64
		{2EFF48A2-B33C-4AB6-B5CF-662771855A25}.Debug|x86.ActiveCfg = Debug|Win32
		{2EFF48A2-B33C-4AB6-B5CF-662771855A25}.Debug|x86.Build.0 = Debug|Win32
		{2EFF48A2-B33C-4AB6-B5CF-662771855A25}.Release|x64.ActiveCfg = Release|x64
		{2EFF48A2-B33C-4AB6-B5CF-662771855A25}.Release|x64.Build.0 = Release|x64
		{2EFF48A2-B33C-4AB6-B5CF-662771855A25}.Release|x86.ActiveCfg = Release|Win32
		{2EFF48A2-B33C-4AB6-B5CF-662771855A25}.Release|x86.Build.0 = Release|Win32
		{69F6C5AC-C447-4568-80BD-3AA4479EAC68}.Debug|x64.ActiveCfg = Debug|x64
		{69F6C5AC-C447-4568-80BD-3AA4479EAC68}.Debug|x64.Build.0 = Debug|x64
		{69F6C5AC-C447-4568-80BD-3AA4479EAC68}.Debug|x86.ActiveCfg = Debug|Win32
		{69F6C5AC-C447-4568-80BD-3AA4479EAC68}.Debug|x86.Build.0 = Debug|Win32
		{69F6C5AC-C447-4568-80BD-3AA4479EAC68}.Release|x64.ActiveCfg = Release|x64
		{69F6C5AC-C447-4568-80BD-3AA4479EAC68}.Release|x64.Build.0 = Release|x64
		{69F6C5AC-C447-4568-80BD-3AA4479EAC68}.Release|x86.ActiveCfg = Release|Win32
		{69F6C5AC-C447-4568-80BD-3AA4479EAC68}.Release|x86.Build.0 = Release|Win32
	EndGlobalSection
	GlobalSection(SolutionProperties) = preSolution
		HideSolutionNode = FALSE
	EndGlobalSection
	GlobalSection(NestedProjects) = preSolution
		{CBB7CABD-96F2-4A90-9E38-8EC0D9DB7329} = {3D9F4DAB-17A8-413B-B204-1972DBD0C6CA}
		{B243F5ED-0D24-4994-9566-68A8FFB20D6B} = {3D9F4DAB-17A8-413B-B204-1972DBD0C6CA}
		{56E2DF76-81D0-4C4D-AB6A-553F547A99D8} = {FB278B19-29A3-41A3-895C-DE8048104F15}
		{75E21B3A-C0AE-40FA-BBDB-C44D4E24D709} = {FB278B19-29A3-41A3-895C-DE8048104F15}
		{3D9F4DAB-17A8-413B-B204-1972DBD0C6CA} = {CE1B8A9E-B640-4F75-A8EC-2624A59C8BF1}
		{FB278B19-29A3-41A3-895C-DE8048104F15} = {CE1B8A9E-B640-4F75-A8EC-2624A59C8BF1}
		{C9513794-DE0B-4B9E-8C0A-44EA22EACC73} = {FB278B19-29A3-41A3-895C-DE8048104F15}
		{8498E432-8622-411C-B4CA-2B61D65358B9} = {FB278B19-29A3-41A3-895C-DE8048104F15}
		{4E9996DB-B9DA-4E6D-8B92-5E60A5B75188} = {CE1B8A9E-B640-4F75-A8EC-2624A59C8BF1}
		{51A9CAE8-13B2-41DB-920C-6FEF24F4FF41} = {CE1B8A9E-B640-4F75-A8EC-2624A59C8BF1}
		{AB4B4B00-BB52-40D7-9FE5-4345CF81F467} = {8F67190C-45AA-4229-A15E-4ED79DE15645}
		{5C2D148F-EEAB-401B-B95B-36C662A3985C} = {8F67190C-45AA-4229-A15E-4ED79DE15645}
		{2EFF48A2-B33C-4AB6-B5CF-662771855A25} = {8F67190C-45AA-4229-A15E-4ED79DE15645}
		{69F6C5AC-C447-4568-80BD-3AA4479EAC68} = {8F67190C-45AA-4229-A15E-4ED79DE15645}
	EndGlobalSection
	GlobalSection(ExtensibilityGlobals) = postSolution
		SolutionGuid = {0D1677B7-4FBA-4940-9D45-F4365470E61C}
	EndGlobalSection
EndGlobal
